
Microsoft Visual Studio Solution File, Format Version 12.00
# Visual Studio Version 17
VisualStudioVersion = 17.13.35931.197 d17.13
MinimumVisualStudioVersion = 10.0.40219.1
Project("{FAE04EC0-301F-11D3-BF4B-00C04F79EFBC}") = "KURS ASP.NET", "KURS ASP.NET.csproj", "{FA1B5C61-003E-45D4-BE45-62FBAD688697}"
EndProject
Global
	GlobalSection(SolutionConfigurationPlatforms) = preSolution
		Debug|Any CPU = Debug|Any CPU
		Release|Any CPU = Release|Any CPU
	EndGlobalSection
	GlobalSection(ProjectConfigurationPlatforms) = postSolution
		{FA1B5C61-003E-45D4-BE45-62FBAD688697}.Debug|Any CPU.ActiveCfg = Debug|Any CPU
		{FA1B5C61-003E-45D4-BE45-62FBAD688697}.Debug|Any CPU.Build.0 = Debug|Any CPU
		{FA1B5C61-003E-45D4-BE45-62FBAD688697}.Release|Any CPU.ActiveCfg = Release|Any CPU
		{FA1B5C61-003E-45D4-BE45-62FBAD688697}.Release|Any CPU.Build.0 = Release|Any CPU
	EndGlobalSection
	GlobalSection(SolutionProperties) = preSolution
		HideSolutionNode = FALSE
	EndGlobalSection
	GlobalSection(ExtensibilityGlobals) = postSolution
		SolutionGuid = {AB73884B-570B-4FA7-B2EE-602F4F1FEFF8}
	EndGlobalSection
EndGlobal
